// !$*UTF8*$!
{
	archiveVersion = 1;
	classes = {
	};
	objectVersion = 48;
	objects = {

/* Begin PBXBuildFile section */
		246A1F2B1F5EB9DF00397C74 /* AppDelegate.swift in Sources */ = {isa = PBXBuildFile; fileRef = 246A1F2A1F5EB9DF00397C74 /* AppDelegate.swift */; };
		246A1F2D1F5EB9DF00397C74 /* ViewController.swift in Sources */ = {isa = PBXBuildFile; fileRef = 246A1F2C1F5EB9DF00397C74 /* ViewController.swift */; };
		246A1F321F5EB9DF00397C74 /* Assets.xcassets in Resources */ = {isa = PBXBuildFile; fileRef = 246A1F311F5EB9DF00397C74 /* Assets.xcassets */; };
		246A1F351F5EB9E000397C74 /* LaunchScreen.storyboard in Resources */ = {isa = PBXBuildFile; fileRef = 246A1F331F5EB9E000397C74 /* LaunchScreen.storyboard */; };
		246A1F401F5EB9E000397C74 /* UICollectionViewProgramiticallyTests.swift in Sources */ = {isa = PBXBuildFile; fileRef = 246A1F3F1F5EB9E000397C74 /* UICollectionViewProgramiticallyTests.swift */; };
		246A1F4B1F5EB9E000397C74 /* UICollectionViewProgramiticallyUITests.swift in Sources */ = {isa = PBXBuildFile; fileRef = 246A1F4A1F5EB9E000397C74 /* UICollectionViewProgramiticallyUITests.swift */; };
		246A1F591F5EBA1900397C74 /* car.jpg in Resources */ = {isa = PBXBuildFile; fileRef = 246A1F581F5EBA1900397C74 /* car.jpg */; };
/* End PBXBuildFile section */

/* Begin PBXContainerItemProxy section */
		246A1F3C1F5EB9E000397C74 /* PBXContainerItemProxy */ = {
			isa = PBXContainerItemProxy;
			containerPortal = 246A1F1F1F5EB9DF00397C74 /* Project object */;
			proxyType = 1;
			remoteGlobalIDString = 246A1F261F5EB9DF00397C74;
			remoteInfo = UICollectionViewProgramitically;
		};
		246A1F471F5EB9E000397C74 /* PBXContainerItemProxy */ = {
			isa = PBXContainerItemProxy;
			containerPortal = 246A1F1F1F5EB9DF00397C74 /* Project object */;
			proxyType = 1;
			remoteGlobalIDString = 246A1F261F5EB9DF00397C74;
			remoteInfo = UICollectionViewProgramitically;
		};
/* End PBXContainerItemProxy section */

/* Begin PBXFileReference section */
		246A1F271F5EB9DF00397C74 /* ListAndGrid.app */ = {isa = PBXFileReference; explicitFileType = wrapper.application; includeInIndex = 0; path = ListAndGrid.app; sourceTree = BUILT_PRODUCTS_DIR; };
		246A1F2A1F5EB9DF00397C74 /* AppDelegate.swift */ = {isa = PBXFileReference; lastKnownFileType = sourcecode.swift; path = AppDelegate.swift; sourceTree = "<group>"; };
		246A1F2C1F5EB9DF00397C74 /* ViewController.swift */ = {isa = PBXFileReference; lastKnownFileType = sourcecode.swift; path = ViewController.swift; sourceTree = "<group>"; };
		246A1F311F5EB9DF00397C74 /* Assets.xcassets */ = {isa = PBXFileReference; lastKnownFileType = folder.assetcatalog; path = Assets.xcassets; sourceTree = "<group>"; };
		246A1F341F5EB9E000397C74 /* Base */ = {isa = PBXFileReference; lastKnownFileType = file.storyboard; name = Base; path = Base.lproj/LaunchScreen.storyboard; sourceTree = "<group>"; };
		246A1F361F5EB9E000397C74 /* Info.plist */ = {isa = PBXFileReference; lastKnownFileType = text.plist.xml; path = Info.plist; sourceTree = "<group>"; };
		246A1F3B1F5EB9E000397C74 /* ListAndGridTests.xctest */ = {isa = PBXFileReference; explicitFileType = wrapper.cfbundle; includeInIndex = 0; path = ListAndGridTests.xctest; sourceTree = BUILT_PRODUCTS_DIR; };
		246A1F3F1F5EB9E000397C74 /* UICollectionViewProgramiticallyTests.swift */ = {isa = PBXFileReference; lastKnownFileType = sourcecode.swift; path = UICollectionViewProgramiticallyTests.swift; sourceTree = "<group>"; };
		246A1F411F5EB9E000397C74 /* Info.plist */ = {isa = PBXFileReference; lastKnownFileType = text.plist.xml; path = Info.plist; sourceTree = "<group>"; };
		246A1F461F5EB9E000397C74 /* ListAndGridUITests.xctest */ = {isa = PBXFileReference; explicitFileType = wrapper.cfbundle; includeInIndex = 0; path = ListAndGridUITests.xctest; sourceTree = BUILT_PRODUCTS_DIR; };
		246A1F4A1F5EB9E000397C74 /* UICollectionViewProgramiticallyUITests.swift */ = {isa = PBXFileReference; lastKnownFileType = sourcecode.swift; path = UICollectionViewProgramiticallyUITests.swift; sourceTree = "<group>"; };
		246A1F4C1F5EB9E000397C74 /* Info.plist */ = {isa = PBXFileReference; lastKnownFileType = text.plist.xml; path = Info.plist; sourceTree = "<group>"; };
		246A1F581F5EBA1900397C74 /* car.jpg */ = {isa = PBXFileReference; lastKnownFileType = image.jpeg; name = car.jpg; path = ../../../Downloads/car.jpg; sourceTree = "<group>"; };
/* End PBXFileReference section */

/* Begin PBXFrameworksBuildPhase section */
		246A1F241F5EB9DF00397C74 /* Frameworks */ = {
			isa = PBXFrameworksBuildPhase;
			buildActionMask = 2147483647;
			files = (
			);
			runOnlyForDeploymentPostprocessing = 0;
		};
		246A1F381F5EB9E000397C74 /* Frameworks */ = {
			isa = PBXFrameworksBuildPhase;
			buildActionMask = 2147483647;
			files = (
			);
			runOnlyForDeploymentPostprocessing = 0;
		};
		246A1F431F5EB9E000397C74 /* Frameworks */ = {
			isa = PBXFrameworksBuildPhase;
			buildActionMask = 2147483647;
			files = (
			);
			runOnlyForDeploymentPostprocessing = 0;
		};
/* End PBXFrameworksBuildPhase section */

/* Begin PBXGroup section */
		246A1F1E1F5EB9DF00397C74 = {
			isa = PBXGroup;
			children = (
				246A1F291F5EB9DF00397C74 /* UICollectionViewProgramitically */,
				246A1F3E1F5EB9E000397C74 /* UICollectionViewProgramiticallyTests */,
				246A1F491F5EB9E000397C74 /* UICollectionViewProgramiticallyUITests */,
				246A1F281F5EB9DF00397C74 /* Products */,
			);
			sourceTree = "<group>";
		};
		246A1F281F5EB9DF00397C74 /* Products */ = {
			isa = PBXGroup;
			children = (
				246A1F271F5EB9DF00397C74 /* ListAndGrid.app */,
				246A1F3B1F5EB9E000397C74 /* ListAndGridTests.xctest */,
				246A1F461F5EB9E000397C74 /* ListAndGridUITests.xctest */,
			);
			name = Products;
			sourceTree = "<group>";
		};
		246A1F291F5EB9DF00397C74 /* UICollectionViewProgramitically */ = {
			isa = PBXGroup;
			children = (
				246A1F581F5EBA1900397C74 /* car.jpg */,
				246A1F2A1F5EB9DF00397C74 /* AppDelegate.swift */,
				246A1F2C1F5EB9DF00397C74 /* ViewController.swift */,
				246A1F311F5EB9DF00397C74 /* Assets.xcassets */,
				246A1F331F5EB9E000397C74 /* LaunchScreen.storyboard */,
				246A1F361F5EB9E000397C74 /* Info.plist */,
			);
			path = UICollectionViewProgramitically;
			sourceTree = "<group>";
		};
		246A1F3E1F5EB9E000397C74 /* UICollectionViewProgramiticallyTests */ = {
			isa = PBXGroup;
			children = (
				246A1F3F1F5EB9E000397C74 /* UICollectionViewProgramiticallyTests.swift */,
				246A1F411F5EB9E000397C74 /* Info.plist */,
			);
			path = UICollectionViewProgramiticallyTests;
			sourceTree = "<group>";
		};
		246A1F491F5EB9E000397C74 /* UICollectionViewProgramiticallyUITests */ = {
			isa = PBXGroup;
			children = (
				246A1F4A1F5EB9E000397C74 /* UICollectionViewProgramiticallyUITests.swift */,
				246A1F4C1F5EB9E000397C74 /* Info.plist */,
			);
			path = UICollectionViewProgramiticallyUITests;
			sourceTree = "<group>";
		};
/* End PBXGroup section */

/* Begin PBXNativeTarget section */
		246A1F261F5EB9DF00397C74 /* ListAndGrid */ = {
			isa = PBXNativeTarget;
			buildConfigurationList = 246A1F4F1F5EB9E000397C74 /* Build configuration list for PBXNativeTarget "ListAndGrid" */;
			buildPhases = (
				246A1F231F5EB9DF00397C74 /* Sources */,
				246A1F241F5EB9DF00397C74 /* Frameworks */,
				246A1F251F5EB9DF00397C74 /* Resources */,
			);
			buildRules = (
			);
			dependencies = (
			);
			name = ListAndGrid;
			productName = UICollectionViewProgramitically;
			productReference = 246A1F271F5EB9DF00397C74 /* ListAndGrid.app */;
			productType = "com.apple.product-type.application";
		};
		246A1F3A1F5EB9E000397C74 /* ListAndGridTests */ = {
			isa = PBXNativeTarget;
			buildConfigurationList = 246A1F521F5EB9E000397C74 /* Build configuration list for PBXNativeTarget "ListAndGridTests" */;
			buildPhases = (
				246A1F371F5EB9E000397C74 /* Sources */,
				246A1F381F5EB9E000397C74 /* Frameworks */,
				246A1F391F5EB9E000397C74 /* Resources */,
			);
			buildRules = (
			);
			dependencies = (
				246A1F3D1F5EB9E000397C74 /* PBXTargetDependency */,
			);
			name = ListAndGridTests;
			productName = UICollectionViewProgramiticallyTests;
			productReference = 246A1F3B1F5EB9E000397C74 /* ListAndGridTests.xctest */;
			productType = "com.apple.product-type.bundle.unit-test";
		};
		246A1F451F5EB9E000397C74 /* ListAndGridUITests */ = {
			isa = PBXNativeTarget;
			buildConfigurationList = 246A1F551F5EB9E000397C74 /* Build configuration list for PBXNativeTarget "ListAndGridUITests" */;
			buildPhases = (
				246A1F421F5EB9E000397C74 /* Sources */,
				246A1F431F5EB9E000397C74 /* Frameworks */,
				246A1F441F5EB9E000397C74 /* Resources */,
			);
			buildRules = (
			);
			dependencies = (
				246A1F481F5EB9E000397C74 /* PBXTargetDependency */,
			);
			name = ListAndGridUITests;
			productName = UICollectionViewProgramiticallyUITests;
			productReference = 246A1F461F5EB9E000397C74 /* ListAndGridUITests.xctest */;
			productType = "com.apple.product-type.bundle.ui-testing";
		};
/* End PBXNativeTarget section */

/* Begin PBXProject section */
		246A1F1F1F5EB9DF00397C74 /* Project object */ = {
			isa = PBXProject;
			attributes = {
				LastSwiftUpdateCheck = 0900;
				LastUpgradeCheck = 0900;
				ORGANIZATIONNAME = iosRevisited;
				TargetAttributes = {
					246A1F261F5EB9DF00397C74 = {
						CreatedOnToolsVersion = 9.0;
					};
					246A1F3A1F5EB9E000397C74 = {
						CreatedOnToolsVersion = 9.0;
						TestTargetID = 246A1F261F5EB9DF00397C74;
					};
					246A1F451F5EB9E000397C74 = {
						CreatedOnToolsVersion = 9.0;
						TestTargetID = 246A1F261F5EB9DF00397C74;
					};
				};
			};
			buildConfigurationList = 246A1F221F5EB9DF00397C74 /* Build configuration list for PBXProject "ListAndGrid" */;
			compatibilityVersion = "Xcode 8.0";
			developmentRegion = en;
			hasScannedForEncodings = 0;
			knownRegions = (
				en,
				Base,
			);
			mainGroup = 246A1F1E1F5EB9DF00397C74;
			productRefGroup = 246A1F281F5EB9DF00397C74 /* Products */;
			projectDirPath = "";
			projectRoot = "";
			targets = (
				246A1F261F5EB9DF00397C74 /* ListAndGrid */,
				246A1F3A1F5EB9E000397C74 /* ListAndGridTests */,
				246A1F451F5EB9E000397C74 /* ListAndGridUITests */,
			);
		};
/* End PBXProject section */

/* Begin PBXResourcesBuildPhase section */
		246A1F251F5EB9DF00397C74 /* Resources */ = {
			isa = PBXResourcesBuildPhase;
			buildActionMask = 2147483647;
			files = (
				246A1F591F5EBA1900397C74 /* car.jpg in Resources */,
				246A1F351F5EB9E000397C74 /* LaunchScreen.storyboard in Resources */,
				246A1F321F5EB9DF00397C74 /* Assets.xcassets in Resources */,
			);
			runOnlyForDeploymentPostprocessing = 0;
		};
		246A1F391F5EB9E000397C74 /* Resources */ = {
			isa = PBXResourcesBuildPhase;
			buildActionMask = 2147483647;
			files = (
			);
			runOnlyForDeploymentPostprocessing = 0;
		};
		246A1F441F5EB9E000397C74 /* Resources */ = {
			isa = PBXResourcesBuildPhase;
			buildActionMask = 2147483647;
			files = (
			);
			runOnlyForDeploymentPostprocessing = 0;
		};
/* End PBXResourcesBuildPhase section */

/* Begin PBXSourcesBuildPhase section */
		246A1F231F5EB9DF00397C74 /* Sources */ = {
			isa = PBXSourcesBuildPhase;
			buildActionMask = 2147483647;
			files = (
				246A1F2D1F5EB9DF00397C74 /* ViewController.swift in Sources */,
				246A1F2B1F5EB9DF00397C74 /* AppDelegate.swift in Sources */,
			);
			runOnlyForDeploymentPostprocessing = 0;
		};
		246A1F371F5EB9E000397C74 /* Sources */ = {
			isa = PBXSourcesBuildPhase;
			buildActionMask = 2147483647;
			files = (
				246A1F401F5EB9E000397C74 /* UICollectionViewProgramiticallyTests.swift in Sources */,
			);
			runOnlyForDeploymentPostprocessing = 0;
		};
		246A1F421F5EB9E000397C74 /* Sources */ = {
			isa = PBXSourcesBuildPhase;
			buildActionMask = 2147483647;
			files = (
				246A1F4B1F5EB9E000397C74 /* UICollectionViewProgramiticallyUITests.swift in Sources */,
			);
			runOnlyForDeploymentPostprocessing = 0;
		};
/* End PBXSourcesBuildPhase section */

/* Begin PBXTargetDependency section */
		246A1F3D1F5EB9E000397C74 /* PBXTargetDependency */ = {
			isa = PBXTargetDependency;
			target = 246A1F261F5EB9DF00397C74 /* ListAndGrid */;
			targetProxy = 246A1F3C1F5EB9E000397C74 /* PBXContainerItemProxy */;
		};
		246A1F481F5EB9E000397C74 /* PBXTargetDependency */ = {
			isa = PBXTargetDependency;
			target = 246A1F261F5EB9DF00397C74 /* ListAndGrid */;
			targetProxy = 246A1F471F5EB9E000397C74 /* PBXContainerItemProxy */;
		};
/* End PBXTargetDependency section */

/* Begin PBXVariantGroup section */
		246A1F331F5EB9E000397C74 /* LaunchScreen.storyboard */ = {
			isa = PBXVariantGroup;
			children = (
				246A1F341F5EB9E000397C74 /* Base */,
			);
			name = LaunchScreen.storyboard;
			sourceTree = "<group>";
		};
/* End PBXVariantGroup section */

/* Begin XCBuildConfiguration section */
		246A1F4D1F5EB9E000397C74 /* Debug */ = {
			isa = XCBuildConfiguration;
			buildSettings = {
				ALWAYS_SEARCH_USER_PATHS = NO;
				CLANG_ANALYZER_NONNULL = YES;
				CLANG_ANALYZER_NUMBER_OBJECT_CONVERSION = YES_AGGRESSIVE;
				CLANG_CXX_LANGUAGE_STANDARD = "gnu++14";
				CLANG_CXX_LIBRARY = "libc++";
				CLANG_ENABLE_MODULES = YES;
				CLANG_ENABLE_OBJC_ARC = YES;
				CLANG_WARN_BLOCK_CAPTURE_AUTORELEASING = YES;
				CLANG_WARN_BOOL_CONVERSION = YES;
				CLANG_WARN_COMMA = YES;
				CLANG_WARN_CONSTANT_CONVERSION = YES;
				CLANG_WARN_DIRECT_OBJC_ISA_USAGE = YES_ERROR;
				CLANG_WARN_DOCUMENTATION_COMMENTS = YES;
				CLANG_WARN_EMPTY_BODY = YES;
				CLANG_WARN_ENUM_CONVERSION = YES;
				CLANG_WARN_INFINITE_RECURSION = YES;
				CLANG_WARN_INT_CONVERSION = YES;
				CLANG_WARN_OBJC_ROOT_CLASS = YES_ERROR;
				CLANG_WARN_RANGE_LOOP_ANALYSIS = YES;
				CLANG_WARN_STRICT_PROTOTYPES = YES;
				CLANG_WARN_SUSPICIOUS_MOVE = YES;
				CLANG_WARN_UNGUARDED_AVAILABILITY = YES_AGGRESSIVE;
				CLANG_WARN_UNREACHABLE_CODE = YES;
				CLANG_WARN__DUPLICATE_METHOD_MATCH = YES;
				CODE_SIGN_IDENTITY = "iPhone Developer";
				COPY_PHASE_STRIP = NO;
				DEBUG_INFORMATION_FORMAT = dwarf;
				ENABLE_STRICT_OBJC_MSGSEND = YES;
				ENABLE_TESTABILITY = YES;
				GCC_C_LANGUAGE_STANDARD = gnu11;
				GCC_DYNAMIC_NO_PIC = NO;
				GCC_NO_COMMON_BLOCKS = YES;
				GCC_OPTIMIZATION_LEVEL = 0;
				GCC_PREPROCESSOR_DEFINITIONS = (
					"DEBUG=1",
					"$(inherited)",
				);
				GCC_WARN_64_TO_32_BIT_CONVERSION = YES;
				GCC_WARN_ABOUT_RETURN_TYPE = YES_ERROR;
				GCC_WARN_UNDECLARED_SELECTOR = YES;
				GCC_WARN_UNINITIALIZED_AUTOS = YES_AGGRESSIVE;
				GCC_WARN_UNUSED_FUNCTION = YES;
				GCC_WARN_UNUSED_VARIABLE = YES;
				IPHONEOS_DEPLOYMENT_TARGET = 11.0;
				MTL_ENABLE_DEBUG_INFO = YES;
				ONLY_ACTIVE_ARCH = YES;
				SDKROOT = iphoneos;
				SWIFT_ACTIVE_COMPILATION_CONDITIONS = DEBUG;
				SWIFT_OPTIMIZATION_LEVEL = "-Onone";
			};
			name = Debug;
		};
		246A1F4E1F5EB9E000397C74 /* Release */ = {
			isa = XCBuildConfiguration;
			buildSettings = {
				ALWAYS_SEARCH_USER_PATHS = NO;
				CLANG_ANALYZER_NONNULL = YES;
				CLANG_ANALYZER_NUMBER_OBJECT_CONVERSION = YES_AGGRESSIVE;
				CLANG_CXX_LANGUAGE_STANDARD = "gnu++14";
				CLANG_CXX_LIBRARY = "libc++";
				CLANG_ENABLE_MODULES = YES;
				CLANG_ENABLE_OBJC_ARC = YES;
				CLANG_WARN_BLOCK_CAPTURE_AUTORELEASING = YES;
				CLANG_WARN_BOOL_CONVERSION = YES;
				CLANG_WARN_COMMA = YES;
				CLANG_WARN_CONSTANT_CONVERSION = YES;
				CLANG_WARN_DIRECT_OBJC_ISA_USAGE = YES_ERROR;
				CLANG_WARN_DOCUMENTATION_COMMENTS = YES;
				CLANG_WARN_EMPTY_BODY = YES;
				CLANG_WARN_ENUM_CONVERSION = YES;
				CLANG_WARN_INFINITE_RECURSION = YES;
				CLANG_WARN_INT_CONVERSION = YES;
				CLANG_WARN_OBJC_ROOT_CLASS = YES_ERROR;
				CLANG_WARN_RANGE_LOOP_ANALYSIS = YES;
				CLANG_WARN_STRICT_PROTOTYPES = YES;
				CLANG_WARN_SUSPICIOUS_MOVE = YES;
				CLANG_WARN_UNGUARDED_AVAILABILITY = YES_AGGRESSIVE;
				CLANG_WARN_UNREACHABLE_CODE = YES;
				CLANG_WARN__DUPLICATE_METHOD_MATCH = YES;
				CODE_SIGN_IDENTITY = "iPhone Developer";
				COPY_PHASE_STRIP = NO;
				DEBUG_INFORMATION_FORMAT = "dwarf-with-dsym";
				ENABLE_NS_ASSERTIONS = NO;
				ENABLE_STRICT_OBJC_MSGSEND = YES;
				GCC_C_LANGUAGE_STANDARD = gnu11;
				GCC_NO_COMMON_BLOCKS = YES;
				GCC_WARN_64_TO_32_BIT_CONVERSION = YES;
				GCC_WARN_ABOUT_RETURN_TYPE = YES_ERROR;
				GCC_WARN_UNDECLARED_SELECTOR = YES;
				GCC_WARN_UNINITIALIZED_AUTOS = YES_AGGRESSIVE;
				GCC_WARN_UNUSED_FUNCTION = YES;
				GCC_WARN_UNUSED_VARIABLE = YES;
				IPHONEOS_DEPLOYMENT_TARGET = 11.0;
				MTL_ENABLE_DEBUG_INFO = NO;
				SDKROOT = iphoneos;
				SWIFT_OPTIMIZATION_LEVEL = "-Owholemodule";
				VALIDATE_PRODUCT = YES;
			};
			name = Release;
		};
		246A1F501F5EB9E000397C74 /* Debug */ = {
			isa = XCBuildConfiguration;
			buildSettings = {
				ASSETCATALOG_COMPILER_APPICON_NAME = AppIcon;
				INFOPLIST_FILE = UICollectionViewProgramitically/Info.plist;
				LD_RUNPATH_SEARCH_PATHS = "$(inherited) @executable_path/Frameworks";
				PRODUCT_BUNDLE_IDENTIFIER = com.iosRevisited.UICollectionViewProgramitically;
				PRODUCT_NAME = "$(TARGET_NAME)";
				SWIFT_VERSION = 4.0;
				TARGETED_DEVICE_FAMILY = "1,2";
			};
			name = Debug;
		};
		246A1F511F5EB9E000397C74 /* Release */ = {
			isa = XCBuildConfiguration;
			buildSettings = {
				ASSETCATALOG_COMPILER_APPICON_NAME = AppIcon;
				INFOPLIST_FILE = UICollectionViewProgramitically/Info.plist;
				LD_RUNPATH_SEARCH_PATHS = "$(inherited) @executable_path/Frameworks";
				PRODUCT_BUNDLE_IDENTIFIER = com.iosRevisited.UICollectionViewProgramitically;
				PRODUCT_NAME = "$(TARGET_NAME)";
				SWIFT_VERSION = 4.0;
				TARGETED_DEVICE_FAMILY = "1,2";
			};
			name = Release;
		};
		246A1F531F5EB9E000397C74 /* Debug */ = {
			isa = XCBuildConfiguration;
			buildSettings = {
				ALWAYS_EMBED_SWIFT_STANDARD_LIBRARIES = YES;
				BUNDLE_LOADER = "$(TEST_HOST)";
				INFOPLIST_FILE = UICollectionViewProgramiticallyTests/Info.plist;
				LD_RUNPATH_SEARCH_PATHS = "$(inherited) @executable_path/Frameworks @loader_path/Frameworks";
				PRODUCT_BUNDLE_IDENTIFIER = com.iosRevisited.UICollectionViewProgramiticallyTests;
				PRODUCT_NAME = "$(TARGET_NAME)";
				SWIFT_VERSION = 4.0;
				TARGETED_DEVICE_FAMILY = "1,2";
				TEST_HOST = "$(BUILT_PRODUCTS_DIR)/ListAndGrid.app/ListAndGrid";
			};
			name = Debug;
		};
		246A1F541F5EB9E000397C74 /* Release */ = {
			isa = XCBuildConfiguration;
			buildSettings = {
				ALWAYS_EMBED_SWIFT_STANDARD_LIBRARIES = YES;
				BUNDLE_LOADER = "$(TEST_HOST)";
				INFOPLIST_FILE = UICollectionViewProgramiticallyTests/Info.plist;
				LD_RUNPATH_SEARCH_PATHS = "$(inherited) @executable_path/Frameworks @loader_path/Frameworks";
				PRODUCT_BUNDLE_IDENTIFIER = com.iosRevisited.UICollectionViewProgramiticallyTests;
				PRODUCT_NAME = "$(TARGET_NAME)";
				SWIFT_VERSION = 4.0;
				TARGETED_DEVICE_FAMILY = "1,2";
				TEST_HOST = "$(BUILT_PRODUCTS_DIR)/ListAndGrid.app/ListAndGrid";
			};
			name = Release;
		};
		246A1F561F5EB9E000397C74 /* Debug */ = {
			isa = XCBuildConfiguration;
			buildSettings = {
				ALWAYS_EMBED_SWIFT_STANDARD_LIBRARIES = YES;
				INFOPLIST_FILE = UICollectionViewProgramiticallyUITests/Info.plist;
				LD_RUNPATH_SEARCH_PATHS = "$(inherited) @executable_path/Frameworks @loader_path/Frameworks";
				PRODUCT_BUNDLE_IDENTIFIER = com.iosRevisited.UICollectionViewProgramiticallyUITests;
				PRODUCT_NAME = "$(TARGET_NAME)";
				SWIFT_VERSION = 4.0;
				TARGETED_DEVICE_FAMILY = "1,2";
				TEST_TARGET_NAME = UICollectionViewProgramitically;
			};
			name = Debug;
		};
		246A1F571F5EB9E000397C74 /* Release */ = {
			isa = XCBuildConfiguration;
			buildSettings = {
				ALWAYS_EMBED_SWIFT_STANDARD_LIBRARIES = YES;
				INFOPLIST_FILE = UICollectionViewProgramiticallyUITests/Info.plist;
				LD_RUNPATH_SEARCH_PATHS = "$(inherited) @executable_path/Frameworks @loader_path/Frameworks";
				PRODUCT_BUNDLE_IDENTIFIER = com.iosRevisited.UICollectionViewProgramiticallyUITests;
				PRODUCT_NAME = "$(TARGET_NAME)";
				SWIFT_VERSION = 4.0;
				TARGETED_DEVICE_FAMILY = "1,2";
				TEST_TARGET_NAME = UICollectionViewProgramitically;
			};
			name = Release;
		};
/* End XCBuildConfiguration section */

/* Begin XCConfigurationList section */
		246A1F221F5EB9DF00397C74 /* Build configuration list for PBXProject "ListAndGrid" */ = {
			isa = XCConfigurationList;
			buildConfigurations = (
				246A1F4D1F5EB9E000397C74 /* Debug */,
				246A1F4E1F5EB9E000397C74 /* Release */,
			);
			defaultConfigurationIsVisible = 0;
			defaultConfigurationName = Release;
		};
		246A1F4F1F5EB9E000397C74 /* Build configuration list for PBXNativeTarget "ListAndGrid" */ = {
			isa = XCConfigurationList;
			buildConfigurations = (
				246A1F501F5EB9E000397C74 /* Debug */,
				246A1F511F5EB9E000397C74 /* Release */,
			);
			defaultConfigurationIsVisible = 0;
			defaultConfigurationName = Release;
		};
		246A1F521F5EB9E000397C74 /* Build configuration list for PBXNativeTarget "ListAndGridTests" */ = {
			isa = XCConfigurationList;
			buildConfigurations = (
				246A1F531F5EB9E000397C74 /* Debug */,
				246A1F541F5EB9E000397C74 /* Release */,
			);
			defaultConfigurationIsVisible = 0;
			defaultConfigurationName = Release;
		};
		246A1F551F5EB9E000397C74 /* Build configuration list for PBXNativeTarget "ListAndGridUITests" */ = {
			isa = XCConfigurationList;
			buildConfigurations = (
				246A1F561F5EB9E000397C74 /* Debug */,
				246A1F571F5EB9E000397C74 /* Release */,
			);
			defaultConfigurationIsVisible = 0;
			defaultConfigurationName = Release;
		};
/* End XCConfigurationList section */
	};
	rootObject = 246A1F1F1F5EB9DF00397C74 /* Project object */;
}
